
Microsoft Visual Studio Solution File, Format Version 12.00
# Visual Studio Version 16
VisualStudioVersion = 16.0.30011.22
MinimumVisualStudioVersion = 10.0.40219.1
Project("{FAE04EC0-301F-11D3-BF4B-00C04F79EFBC}") = "RssPublisher", "RssPublisher\RssPublisher.csproj", "{35750155-982C-4D33-B161-A9B1629A62A3}"
EndProject
Project("{FAE04EC0-301F-11D3-BF4B-00C04F79EFBC}") = "RssPublisherTest", "RssPublisherTest\RssPublisherTest.csproj", "{12DE2B46-A878-4971-B79D-883ABB9FBC97}"
EndProject
Global
	GlobalSection(SolutionConfigurationPlatforms) = preSolution
		Debug|Any CPU = Debug|Any CPU
		Release|Any CPU = Release|Any CPU
	EndGlobalSection
	GlobalSection(ProjectConfigurationPlatforms) = postSolution
		{35750155-982C-4D33-B161-A9B1629A62A3}.Debug|Any CPU.ActiveCfg = Debug|Any CPU
		{35750155-982C-4D33-B161-A9B1629A62A3}.Debug|Any CPU.Build.0 = Debug|Any CPU
		{35750155-982C-4D33-B161-A9B1629A62A3}.Release|Any CPU.ActiveCfg = Release|Any CPU
		{35750155-982C-4D33-B161-A9B1629A62A3}.Release|Any CPU.Build.0 = Release|Any CPU
		{12DE2B46-A878-4971-B79D-883ABB9FBC97}.Debug|Any CPU.ActiveCfg = Debug|Any CPU
		{12DE2B46-A878-4971-B79D-883ABB9FBC97}.Debug|Any CPU.Build.0 = Debug|Any CPU
		{12DE2B46-A878-4971-B79D-883ABB9FBC97}.Release|Any CPU.ActiveCfg = Release|Any CPU
		{12DE2B46-A878-4971-B79D-883ABB9FBC97}.Release|Any CPU.Build.0 = Release|Any CPU
	EndGlobalSection
	GlobalSection(SolutionProperties) = preSolution
		HideSolutionNode = FALSE
	EndGlobalSection
	GlobalSection(ExtensibilityGlobals) = postSolution
		SolutionGuid = {009B4367-9DEB-45A3-ACCB-8623B1A82611}
	EndGlobalSection
EndGlobal
